// !$*UTF8*$!
{
	archiveVersion = 1;
	classes = {
	};
	objectVersion = 56;
	objects = {

/* Begin PBXBuildFile section */
		145706E42C4DDB94007E642C /* RecordButton.swift in Sources */ = {isa = PBXBuildFile; fileRef = 145706E32C4DDB94007E642C /* RecordButton.swift */; };
		145706E62C4DE4E9007E642C /* AudioAnimation.swift in Sources */ = {isa = PBXBuildFile; fileRef = 145706E52C4DE4E9007E642C /* AudioAnimation.swift */; };
		14A4CAD02C34D5AE00634E19 /* String+RemoveWord.swift in Sources */ = {isa = PBXBuildFile; fileRef = 14A4CACF2C34D5AE00634E19 /* String+RemoveWord.swift */; };
		14A4CAD22C34D71300634E19 /* String+RemoveWhiteSpaces.swift in Sources */ = {isa = PBXBuildFile; fileRef = 14A4CAD12C34D71300634E19 /* String+RemoveWhiteSpaces.swift */; };
		14B225322C364F0F00A7F15F /* SignInView.swift in Sources */ = {isa = PBXBuildFile; fileRef = 14B225312C364F0F00A7F15F /* SignInView.swift */; };
		14B225342C364FA100A7F15F /* SignInViewModel.swift in Sources */ = {isa = PBXBuildFile; fileRef = 14B225332C364FA100A7F15F /* SignInViewModel.swift */; };
		14B225472C36D30600A7F15F /* GoogleService-Info.plist in Resources */ = {isa = PBXBuildFile; fileRef = 14B225462C36D30600A7F15F /* GoogleService-Info.plist */; };
		14B2254A2C36D66C00A7F15F /* FirebaseAuthService.swift in Sources */ = {isa = PBXBuildFile; fileRef = 14B225492C36D66C00A7F15F /* FirebaseAuthService.swift */; };
		14B2254D2C36D78500A7F15F /* FirebaseAuth in Frameworks */ = {isa = PBXBuildFile; productRef = 14B2254C2C36D78500A7F15F /* FirebaseAuth */; };
		14B2254F2C36DBA800A7F15F /* SignUpView.swift in Sources */ = {isa = PBXBuildFile; fileRef = 14B2254E2C36DBA800A7F15F /* SignUpView.swift */; };
		14B225512C36DBC500A7F15F /* SignUpViewModel.swift in Sources */ = {isa = PBXBuildFile; fileRef = 14B225502C36DBC500A7F15F /* SignUpViewModel.swift */; };
		14B225532C3DF60A00A7F15F /* FirebaseDataBaseService.swift in Sources */ = {isa = PBXBuildFile; fileRef = 14B225522C3DF60A00A7F15F /* FirebaseDataBaseService.swift */; };
		14B225552C3DF62600A7F15F /* FirebaseDatabase in Frameworks */ = {isa = PBXBuildFile; productRef = 14B225542C3DF62600A7F15F /* FirebaseDatabase */; };
		14B225582C3E9EE300A7F15F /* ListModel.swift in Sources */ = {isa = PBXBuildFile; fileRef = 14B225572C3E9EE300A7F15F /* ListModel.swift */; };
		14B2255A2C3EAD6E00A7F15F /* ListsView.swift in Sources */ = {isa = PBXBuildFile; fileRef = 14B225592C3EAD6E00A7F15F /* ListsView.swift */; };
		14B2255C2C3EADF900A7F15F /* ListsViewModel.swift in Sources */ = {isa = PBXBuildFile; fileRef = 14B2255B2C3EADF900A7F15F /* ListsViewModel.swift */; };
		14B2255E2C3F42F800A7F15F /* FirebaseDatabasePaths.swift in Sources */ = {isa = PBXBuildFile; fileRef = 14B2255D2C3F42F800A7F15F /* FirebaseDatabasePaths.swift */; };
		14B225602C3F508800A7F15F /* FormListView.swift in Sources */ = {isa = PBXBuildFile; fileRef = 14B2255F2C3F508800A7F15F /* FormListView.swift */; };
		14B225632C45C0B800A7F15F /* ViewOffsetKey.swift in Sources */ = {isa = PBXBuildFile; fileRef = 14B225622C45C0B800A7F15F /* ViewOffsetKey.swift */; };
		14B225652C45C84700A7F15F /* TitleIcon.swift in Sources */ = {isa = PBXBuildFile; fileRef = 14B225642C45C84700A7F15F /* TitleIcon.swift */; };
		14B225672C45E06200A7F15F /* FormItemView.swift in Sources */ = {isa = PBXBuildFile; fileRef = 14B225662C45E06200A7F15F /* FormItemView.swift */; };
		14B225692C46169400A7F15F /* ItemCard.swift in Sources */ = {isa = PBXBuildFile; fileRef = 14B225682C46169400A7F15F /* ItemCard.swift */; };
		14B2256D2C4742C000A7F15F /* AutoFocusTextField.swift in Sources */ = {isa = PBXBuildFile; fileRef = 14B2256C2C4742C000A7F15F /* AutoFocusTextField.swift */; };
		14B225702C47490200A7F15F /* RoundedBackgroundTextFieldStyle.swift in Sources */ = {isa = PBXBuildFile; fileRef = 14B2256F2C47490200A7F15F /* RoundedBackgroundTextFieldStyle.swift */; };
		14B225752C48B12D00A7F15F /* KeyboardReadable.swift in Sources */ = {isa = PBXBuildFile; fileRef = 14B225742C48B12D00A7F15F /* KeyboardReadable.swift */; };
		14B225772C496C0A00A7F15F /* SectionModel.swift in Sources */ = {isa = PBXBuildFile; fileRef = 14B225762C496C0A00A7F15F /* SectionModel.swift */; };
		14B225792C49B6C600A7F15F /* CollapseModifier.swift in Sources */ = {isa = PBXBuildFile; fileRef = 14B225782C49B6C600A7F15F /* CollapseModifier.swift */; };
		14DBB6A42C3433560084EB23 /* CheckListyApp.swift in Sources */ = {isa = PBXBuildFile; fileRef = 14DBB6A32C3433560084EB23 /* CheckListyApp.swift */; };
		14DBB6A62C3433560084EB23 /* ContentView.swift in Sources */ = {isa = PBXBuildFile; fileRef = 14DBB6A52C3433560084EB23 /* ContentView.swift */; };
		14DBB6A82C3433570084EB23 /* Assets.xcassets in Resources */ = {isa = PBXBuildFile; fileRef = 14DBB6A72C3433570084EB23 /* Assets.xcassets */; };
		14DBB6AB2C3433570084EB23 /* Preview Assets.xcassets in Resources */ = {isa = PBXBuildFile; fileRef = 14DBB6AA2C3433570084EB23 /* Preview Assets.xcassets */; };
		14DBB6B52C3433570084EB23 /* CheckListyTests.swift in Sources */ = {isa = PBXBuildFile; fileRef = 14DBB6B42C3433570084EB23 /* CheckListyTests.swift */; };
		14DBB6BF2C3433570084EB23 /* CheckListyUITests.swift in Sources */ = {isa = PBXBuildFile; fileRef = 14DBB6BE2C3433570084EB23 /* CheckListyUITests.swift */; };
		14DBB6C12C3433570084EB23 /* CheckListyUITestsLaunchTests.swift in Sources */ = {isa = PBXBuildFile; fileRef = 14DBB6C02C3433570084EB23 /* CheckListyUITestsLaunchTests.swift */; };
		14DBB6CF2C3434560084EB23 /* SpeechRecognizerService.swift in Sources */ = {isa = PBXBuildFile; fileRef = 14DBB6CE2C3434560084EB23 /* SpeechRecognizerService.swift */; };
		14DBB6D22C343B2C0084EB23 /* SpeechRecognizerServiceErrors.swift in Sources */ = {isa = PBXBuildFile; fileRef = 14DBB6D12C343B2C0084EB23 /* SpeechRecognizerServiceErrors.swift */; };
		14DBB6D52C3440630084EB23 /* DetailsListView.swift in Sources */ = {isa = PBXBuildFile; fileRef = 14DBB6D42C3440630084EB23 /* DetailsListView.swift */; };
		14DBB6D72C34A5500084EB23 /* ListItemModel.swift in Sources */ = {isa = PBXBuildFile; fileRef = 14DBB6D62C34A5500084EB23 /* ListItemModel.swift */; };
		14DBB6D92C34ABC60084EB23 /* DetailsListViewModel.swift in Sources */ = {isa = PBXBuildFile; fileRef = 14DBB6D82C34ABC60084EB23 /* DetailsListViewModel.swift */; };
/* End PBXBuildFile section */

/* Begin PBXContainerItemProxy section */
		14DBB6B12C3433570084EB23 /* PBXContainerItemProxy */ = {
			isa = PBXContainerItemProxy;
			containerPortal = 14DBB6982C3433560084EB23 /* Project object */;
			proxyType = 1;
			remoteGlobalIDString = 14DBB69F2C3433560084EB23;
			remoteInfo = CheckListy;
		};
		14DBB6BB2C3433570084EB23 /* PBXContainerItemProxy */ = {
			isa = PBXContainerItemProxy;
			containerPortal = 14DBB6982C3433560084EB23 /* Project object */;
			proxyType = 1;
			remoteGlobalIDString = 14DBB69F2C3433560084EB23;
			remoteInfo = CheckListy;
		};
/* End PBXContainerItemProxy section */

/* Begin PBXFileReference section */
		145706E32C4DDB94007E642C /* RecordButton.swift */ = {isa = PBXFileReference; lastKnownFileType = sourcecode.swift; path = RecordButton.swift; sourceTree = "<group>"; };
		145706E52C4DE4E9007E642C /* AudioAnimation.swift */ = {isa = PBXFileReference; lastKnownFileType = sourcecode.swift; path = AudioAnimation.swift; sourceTree = "<group>"; };
		14A4CACF2C34D5AE00634E19 /* String+RemoveWord.swift */ = {isa = PBXFileReference; lastKnownFileType = sourcecode.swift; path = "String+RemoveWord.swift"; sourceTree = "<group>"; };
		14A4CAD12C34D71300634E19 /* String+RemoveWhiteSpaces.swift */ = {isa = PBXFileReference; lastKnownFileType = sourcecode.swift; path = "String+RemoveWhiteSpaces.swift"; sourceTree = "<group>"; };
		14B225312C364F0F00A7F15F /* SignInView.swift */ = {isa = PBXFileReference; lastKnownFileType = sourcecode.swift; path = SignInView.swift; sourceTree = "<group>"; };
		14B225332C364FA100A7F15F /* SignInViewModel.swift */ = {isa = PBXFileReference; lastKnownFileType = sourcecode.swift; path = SignInViewModel.swift; sourceTree = "<group>"; };
		14B225462C36D30600A7F15F /* GoogleService-Info.plist */ = {isa = PBXFileReference; fileEncoding = 4; lastKnownFileType = text.plist.xml; name = "GoogleService-Info.plist"; path = "../../../../../Downloads/GoogleService-Info.plist"; sourceTree = "<group>"; };
		14B225492C36D66C00A7F15F /* FirebaseAuthService.swift */ = {isa = PBXFileReference; lastKnownFileType = sourcecode.swift; path = FirebaseAuthService.swift; sourceTree = "<group>"; };
		14B2254E2C36DBA800A7F15F /* SignUpView.swift */ = {isa = PBXFileReference; lastKnownFileType = sourcecode.swift; path = SignUpView.swift; sourceTree = "<group>"; };
		14B225502C36DBC500A7F15F /* SignUpViewModel.swift */ = {isa = PBXFileReference; lastKnownFileType = sourcecode.swift; path = SignUpViewModel.swift; sourceTree = "<group>"; };
		14B225522C3DF60A00A7F15F /* FirebaseDataBaseService.swift */ = {isa = PBXFileReference; lastKnownFileType = sourcecode.swift; path = FirebaseDataBaseService.swift; sourceTree = "<group>"; };
		14B225572C3E9EE300A7F15F /* ListModel.swift */ = {isa = PBXFileReference; lastKnownFileType = sourcecode.swift; path = ListModel.swift; sourceTree = "<group>"; };
		14B225592C3EAD6E00A7F15F /* ListsView.swift */ = {isa = PBXFileReference; lastKnownFileType = sourcecode.swift; path = ListsView.swift; sourceTree = "<group>"; };
		14B2255B2C3EADF900A7F15F /* ListsViewModel.swift */ = {isa = PBXFileReference; lastKnownFileType = sourcecode.swift; path = ListsViewModel.swift; sourceTree = "<group>"; };
		14B2255D2C3F42F800A7F15F /* FirebaseDatabasePaths.swift */ = {isa = PBXFileReference; lastKnownFileType = sourcecode.swift; path = FirebaseDatabasePaths.swift; sourceTree = "<group>"; };
		14B2255F2C3F508800A7F15F /* FormListView.swift */ = {isa = PBXFileReference; lastKnownFileType = sourcecode.swift; path = FormListView.swift; sourceTree = "<group>"; };
		14B225622C45C0B800A7F15F /* ViewOffsetKey.swift */ = {isa = PBXFileReference; lastKnownFileType = sourcecode.swift; path = ViewOffsetKey.swift; sourceTree = "<group>"; };
		14B225642C45C84700A7F15F /* TitleIcon.swift */ = {isa = PBXFileReference; lastKnownFileType = sourcecode.swift; path = TitleIcon.swift; sourceTree = "<group>"; };
		14B225662C45E06200A7F15F /* FormItemView.swift */ = {isa = PBXFileReference; lastKnownFileType = sourcecode.swift; path = FormItemView.swift; sourceTree = "<group>"; };
		14B225682C46169400A7F15F /* ItemCard.swift */ = {isa = PBXFileReference; lastKnownFileType = sourcecode.swift; path = ItemCard.swift; sourceTree = "<group>"; };
		14B2256C2C4742C000A7F15F /* AutoFocusTextField.swift */ = {isa = PBXFileReference; lastKnownFileType = sourcecode.swift; path = AutoFocusTextField.swift; sourceTree = "<group>"; };
		14B2256F2C47490200A7F15F /* RoundedBackgroundTextFieldStyle.swift */ = {isa = PBXFileReference; lastKnownFileType = sourcecode.swift; path = RoundedBackgroundTextFieldStyle.swift; sourceTree = "<group>"; };
		14B225742C48B12D00A7F15F /* KeyboardReadable.swift */ = {isa = PBXFileReference; lastKnownFileType = sourcecode.swift; path = KeyboardReadable.swift; sourceTree = "<group>"; };
		14B225762C496C0A00A7F15F /* SectionModel.swift */ = {isa = PBXFileReference; lastKnownFileType = sourcecode.swift; path = SectionModel.swift; sourceTree = "<group>"; };
		14B225782C49B6C600A7F15F /* CollapseModifier.swift */ = {isa = PBXFileReference; lastKnownFileType = sourcecode.swift; path = CollapseModifier.swift; sourceTree = "<group>"; };
		14DBB6A02C3433560084EB23 /* CheckListy.app */ = {isa = PBXFileReference; explicitFileType = wrapper.application; includeInIndex = 0; path = CheckListy.app; sourceTree = BUILT_PRODUCTS_DIR; };
		14DBB6A32C3433560084EB23 /* CheckListyApp.swift */ = {isa = PBXFileReference; lastKnownFileType = sourcecode.swift; path = CheckListyApp.swift; sourceTree = "<group>"; };
		14DBB6A52C3433560084EB23 /* ContentView.swift */ = {isa = PBXFileReference; lastKnownFileType = sourcecode.swift; path = ContentView.swift; sourceTree = "<group>"; };
		14DBB6A72C3433570084EB23 /* Assets.xcassets */ = {isa = PBXFileReference; lastKnownFileType = folder.assetcatalog; path = Assets.xcassets; sourceTree = "<group>"; };
		14DBB6AA2C3433570084EB23 /* Preview Assets.xcassets */ = {isa = PBXFileReference; lastKnownFileType = folder.assetcatalog; path = "Preview Assets.xcassets"; sourceTree = "<group>"; };
		14DBB6B02C3433570084EB23 /* CheckListyTests.xctest */ = {isa = PBXFileReference; explicitFileType = wrapper.cfbundle; includeInIndex = 0; path = CheckListyTests.xctest; sourceTree = BUILT_PRODUCTS_DIR; };
		14DBB6B42C3433570084EB23 /* CheckListyTests.swift */ = {isa = PBXFileReference; lastKnownFileType = sourcecode.swift; path = CheckListyTests.swift; sourceTree = "<group>"; };
		14DBB6BA2C3433570084EB23 /* CheckListyUITests.xctest */ = {isa = PBXFileReference; explicitFileType = wrapper.cfbundle; includeInIndex = 0; path = CheckListyUITests.xctest; sourceTree = BUILT_PRODUCTS_DIR; };
		14DBB6BE2C3433570084EB23 /* CheckListyUITests.swift */ = {isa = PBXFileReference; lastKnownFileType = sourcecode.swift; path = CheckListyUITests.swift; sourceTree = "<group>"; };
		14DBB6C02C3433570084EB23 /* CheckListyUITestsLaunchTests.swift */ = {isa = PBXFileReference; lastKnownFileType = sourcecode.swift; path = CheckListyUITestsLaunchTests.swift; sourceTree = "<group>"; };
		14DBB6CE2C3434560084EB23 /* SpeechRecognizerService.swift */ = {isa = PBXFileReference; lastKnownFileType = sourcecode.swift; path = SpeechRecognizerService.swift; sourceTree = "<group>"; };
		14DBB6D12C343B2C0084EB23 /* SpeechRecognizerServiceErrors.swift */ = {isa = PBXFileReference; lastKnownFileType = sourcecode.swift; path = SpeechRecognizerServiceErrors.swift; sourceTree = "<group>"; };
		14DBB6D42C3440630084EB23 /* DetailsListView.swift */ = {isa = PBXFileReference; lastKnownFileType = sourcecode.swift; path = DetailsListView.swift; sourceTree = "<group>"; };
		14DBB6D62C34A5500084EB23 /* ListItemModel.swift */ = {isa = PBXFileReference; lastKnownFileType = sourcecode.swift; path = ListItemModel.swift; sourceTree = "<group>"; };
		14DBB6D82C34ABC60084EB23 /* DetailsListViewModel.swift */ = {isa = PBXFileReference; lastKnownFileType = sourcecode.swift; path = DetailsListViewModel.swift; sourceTree = "<group>"; };
/* End PBXFileReference section */

/* Begin PBXFrameworksBuildPhase section */
		14DBB69D2C3433560084EB23 /* Frameworks */ = {
			isa = PBXFrameworksBuildPhase;
			buildActionMask = 2147483647;
			files = (
				14B225552C3DF62600A7F15F /* FirebaseDatabase in Frameworks */,
				14B2254D2C36D78500A7F15F /* FirebaseAuth in Frameworks */,
			);
			runOnlyForDeploymentPostprocessing = 0;
		};
		14DBB6AD2C3433570084EB23 /* Frameworks */ = {
			isa = PBXFrameworksBuildPhase;
			buildActionMask = 2147483647;
			files = (
			);
			runOnlyForDeploymentPostprocessing = 0;
		};
		14DBB6B72C3433570084EB23 /* Frameworks */ = {
			isa = PBXFrameworksBuildPhase;
			buildActionMask = 2147483647;
			files = (
			);
			runOnlyForDeploymentPostprocessing = 0;
		};
/* End PBXFrameworksBuildPhase section */

/* Begin PBXGroup section */
		14B225482C36D64900A7F15F /* FirebaseAuthService */ = {
			isa = PBXGroup;
			children = (
				14B225492C36D66C00A7F15F /* FirebaseAuthService.swift */,
			);
			path = FirebaseAuthService;
			sourceTree = "<group>";
		};
		14B2254B2C36D78500A7F15F /* Frameworks */ = {
			isa = PBXGroup;
			children = (
			);
			name = Frameworks;
			sourceTree = "<group>";
		};
		14B225562C3DF65100A7F15F /* FirebaseDataBaseService */ = {
			isa = PBXGroup;
			children = (
				14B225522C3DF60A00A7F15F /* FirebaseDataBaseService.swift */,
				14B2255D2C3F42F800A7F15F /* FirebaseDatabasePaths.swift */,
			);
			path = FirebaseDataBaseService;
			sourceTree = "<group>";
		};
		14B225612C45C08C00A7F15F /* Components */ = {
			isa = PBXGroup;
			children = (
				14B225642C45C84700A7F15F /* TitleIcon.swift */,
				14B225682C46169400A7F15F /* ItemCard.swift */,
				14B2256C2C4742C000A7F15F /* AutoFocusTextField.swift */,
				145706E32C4DDB94007E642C /* RecordButton.swift */,
				145706E52C4DE4E9007E642C /* AudioAnimation.swift */,
			);
			path = Components;
			sourceTree = "<group>";
		};
		14B2256E2C4748ED00A7F15F /* Modifiers */ = {
			isa = PBXGroup;
			children = (
				14B2256F2C47490200A7F15F /* RoundedBackgroundTextFieldStyle.swift */,
				14B225782C49B6C600A7F15F /* CollapseModifier.swift */,
			);
			path = Modifiers;
			sourceTree = "<group>";
		};
		14B225732C48B11600A7F15F /* Protocol */ = {
			isa = PBXGroup;
			children = (
				14B225742C48B12D00A7F15F /* KeyboardReadable.swift */,
			);
			path = Protocol;
			sourceTree = "<group>";
		};
		14CEA8832C36455200E3CAED /* App */ = {
			isa = PBXGroup;
			children = (
				14B225462C36D30600A7F15F /* GoogleService-Info.plist */,
				14DBB6A52C3433560084EB23 /* ContentView.swift */,
				14DBB6A32C3433560084EB23 /* CheckListyApp.swift */,
				14CEA8872C36460100E3CAED /* Resources */,
			);
			path = App;
			sourceTree = "<group>";
		};
		14CEA8842C36457000E3CAED /* Views */ = {
			isa = PBXGroup;
			children = (
				14B225732C48B11600A7F15F /* Protocol */,
				14B2256E2C4748ED00A7F15F /* Modifiers */,
				14B225612C45C08C00A7F15F /* Components */,
				14DBB6D42C3440630084EB23 /* DetailsListView.swift */,
				14B225312C364F0F00A7F15F /* SignInView.swift */,
				14B2254E2C36DBA800A7F15F /* SignUpView.swift */,
				14B225592C3EAD6E00A7F15F /* ListsView.swift */,
				14B2255F2C3F508800A7F15F /* FormListView.swift */,
				14B225662C45E06200A7F15F /* FormItemView.swift */,
			);
			path = Views;
			sourceTree = "<group>";
		};
		14CEA8852C36458000E3CAED /* ViewModels */ = {
			isa = PBXGroup;
			children = (
				14DBB6D82C34ABC60084EB23 /* DetailsListViewModel.swift */,
				14B225332C364FA100A7F15F /* SignInViewModel.swift */,
				14B225502C36DBC500A7F15F /* SignUpViewModel.swift */,
				14B2255B2C3EADF900A7F15F /* ListsViewModel.swift */,
			);
			path = ViewModels;
			sourceTree = "<group>";
		};
		14CEA8862C36459C00E3CAED /* Models */ = {
			isa = PBXGroup;
			children = (
				14DBB6D62C34A5500084EB23 /* ListItemModel.swift */,
				14B225572C3E9EE300A7F15F /* ListModel.swift */,
				14B225622C45C0B800A7F15F /* ViewOffsetKey.swift */,
				14B225762C496C0A00A7F15F /* SectionModel.swift */,
			);
			path = Models;
			sourceTree = "<group>";
		};
		14CEA8872C36460100E3CAED /* Resources */ = {
			isa = PBXGroup;
			children = (
				14DBB6AA2C3433570084EB23 /* Preview Assets.xcassets */,
				14DBB6A72C3433570084EB23 /* Assets.xcassets */,
			);
			path = Resources;
			sourceTree = "<group>";
		};
		14DBB6972C3433560084EB23 = {
			isa = PBXGroup;
			children = (
				14DBB6A22C3433560084EB23 /* CheckListy */,
				14DBB6B32C3433570084EB23 /* CheckListyTests */,
				14DBB6BD2C3433570084EB23 /* CheckListyUITests */,
				14DBB6A12C3433560084EB23 /* Products */,
				14B2254B2C36D78500A7F15F /* Frameworks */,
			);
			sourceTree = "<group>";
		};
		14DBB6A12C3433560084EB23 /* Products */ = {
			isa = PBXGroup;
			children = (
				14DBB6A02C3433560084EB23 /* CheckListy.app */,
				14DBB6B02C3433570084EB23 /* CheckListyTests.xctest */,
				14DBB6BA2C3433570084EB23 /* CheckListyUITests.xctest */,
			);
			name = Products;
			sourceTree = "<group>";
		};
		14DBB6A22C3433560084EB23 /* CheckListy */ = {
			isa = PBXGroup;
			children = (
				14CEA8832C36455200E3CAED /* App */,
				14CEA8862C36459C00E3CAED /* Models */,
				14CEA8842C36457000E3CAED /* Views */,
				14CEA8852C36458000E3CAED /* ViewModels */,
				14DBB6CD2C3434220084EB23 /* Services */,
				14DBB6DA2C34CB960084EB23 /* Extensions */,
			);
			path = CheckListy;
			sourceTree = "<group>";
		};
		14DBB6B32C3433570084EB23 /* CheckListyTests */ = {
			isa = PBXGroup;
			children = (
				14DBB6B42C3433570084EB23 /* CheckListyTests.swift */,
			);
			path = CheckListyTests;
			sourceTree = "<group>";
		};
		14DBB6BD2C3433570084EB23 /* CheckListyUITests */ = {
			isa = PBXGroup;
			children = (
				14DBB6BE2C3433570084EB23 /* CheckListyUITests.swift */,
				14DBB6C02C3433570084EB23 /* CheckListyUITestsLaunchTests.swift */,
			);
			path = CheckListyUITests;
			sourceTree = "<group>";
		};
		14DBB6CD2C3434220084EB23 /* Services */ = {
			isa = PBXGroup;
			children = (
				14B225562C3DF65100A7F15F /* FirebaseDataBaseService */,
				14B225482C36D64900A7F15F /* FirebaseAuthService */,
				14DBB6D02C343B060084EB23 /* SpeechRecognizerService */,
			);
			path = Services;
			sourceTree = "<group>";
		};
		14DBB6D02C343B060084EB23 /* SpeechRecognizerService */ = {
			isa = PBXGroup;
			children = (
				14DBB6CE2C3434560084EB23 /* SpeechRecognizerService.swift */,
				14DBB6D12C343B2C0084EB23 /* SpeechRecognizerServiceErrors.swift */,
			);
			path = SpeechRecognizerService;
			sourceTree = "<group>";
		};
		14DBB6DA2C34CB960084EB23 /* Extensions */ = {
			isa = PBXGroup;
			children = (
				14A4CACF2C34D5AE00634E19 /* String+RemoveWord.swift */,
				14A4CAD12C34D71300634E19 /* String+RemoveWhiteSpaces.swift */,
			);
			path = Extensions;
			sourceTree = "<group>";
		};
/* End PBXGroup section */

/* Begin PBXNativeTarget section */
		14DBB69F2C3433560084EB23 /* CheckListy */ = {
			isa = PBXNativeTarget;
			buildConfigurationList = 14DBB6C42C3433570084EB23 /* Build configuration list for PBXNativeTarget "CheckListy" */;
			buildPhases = (
				14DBB69C2C3433560084EB23 /* Sources */,
				14DBB69D2C3433560084EB23 /* Frameworks */,
				14DBB69E2C3433560084EB23 /* Resources */,
			);
			buildRules = (
			);
			dependencies = (
			);
			name = CheckListy;
			packageProductDependencies = (
				14B2254C2C36D78500A7F15F /* FirebaseAuth */,
				14B225542C3DF62600A7F15F /* FirebaseDatabase */,
			);
			productName = CheckListy;
			productReference = 14DBB6A02C3433560084EB23 /* CheckListy.app */;
			productType = "com.apple.product-type.application";
		};
		14DBB6AF2C3433570084EB23 /* CheckListyTests */ = {
			isa = PBXNativeTarget;
			buildConfigurationList = 14DBB6C72C3433570084EB23 /* Build configuration list for PBXNativeTarget "CheckListyTests" */;
			buildPhases = (
				14DBB6AC2C3433570084EB23 /* Sources */,
				14DBB6AD2C3433570084EB23 /* Frameworks */,
				14DBB6AE2C3433570084EB23 /* Resources */,
			);
			buildRules = (
			);
			dependencies = (
				14DBB6B22C3433570084EB23 /* PBXTargetDependency */,
			);
			name = CheckListyTests;
			productName = CheckListyTests;
			productReference = 14DBB6B02C3433570084EB23 /* CheckListyTests.xctest */;
			productType = "com.apple.product-type.bundle.unit-test";
		};
		14DBB6B92C3433570084EB23 /* CheckListyUITests */ = {
			isa = PBXNativeTarget;
			buildConfigurationList = 14DBB6CA2C3433570084EB23 /* Build configuration list for PBXNativeTarget "CheckListyUITests" */;
			buildPhases = (
				14DBB6B62C3433570084EB23 /* Sources */,
				14DBB6B72C3433570084EB23 /* Frameworks */,
				14DBB6B82C3433570084EB23 /* Resources */,
			);
			buildRules = (
			);
			dependencies = (
				14DBB6BC2C3433570084EB23 /* PBXTargetDependency */,
			);
			name = CheckListyUITests;
			productName = CheckListyUITests;
			productReference = 14DBB6BA2C3433570084EB23 /* CheckListyUITests.xctest */;
			productType = "com.apple.product-type.bundle.ui-testing";
		};
/* End PBXNativeTarget section */

/* Begin PBXProject section */
		14DBB6982C3433560084EB23 /* Project object */ = {
			isa = PBXProject;
			attributes = {
				BuildIndependentTargetsInParallel = 1;
				LastSwiftUpdateCheck = 1540;
				LastUpgradeCheck = 1540;
				TargetAttributes = {
					14DBB69F2C3433560084EB23 = {
						CreatedOnToolsVersion = 15.4;
					};
					14DBB6AF2C3433570084EB23 = {
						CreatedOnToolsVersion = 15.4;
						TestTargetID = 14DBB69F2C3433560084EB23;
					};
					14DBB6B92C3433570084EB23 = {
						CreatedOnToolsVersion = 15.4;
						TestTargetID = 14DBB69F2C3433560084EB23;
					};
				};
			};
			buildConfigurationList = 14DBB69B2C3433560084EB23 /* Build configuration list for PBXProject "CheckListy" */;
			compatibilityVersion = "Xcode 14.0";
			developmentRegion = en;
			hasScannedForEncodings = 0;
			knownRegions = (
				en,
				Base,
			);
			mainGroup = 14DBB6972C3433560084EB23;
			packageReferences = (
				14B225352C36D1BE00A7F15F /* XCRemoteSwiftPackageReference "firebase-ios-sdk" */,
			);
			productRefGroup = 14DBB6A12C3433560084EB23 /* Products */;
			projectDirPath = "";
			projectRoot = "";
			targets = (
				14DBB69F2C3433560084EB23 /* CheckListy */,
				14DBB6AF2C3433570084EB23 /* CheckListyTests */,
				14DBB6B92C3433570084EB23 /* CheckListyUITests */,
			);
		};
/* End PBXProject section */

/* Begin PBXResourcesBuildPhase section */
		14DBB69E2C3433560084EB23 /* Resources */ = {
			isa = PBXResourcesBuildPhase;
			buildActionMask = 2147483647;
			files = (
				14DBB6AB2C3433570084EB23 /* Preview Assets.xcassets in Resources */,
				14DBB6A82C3433570084EB23 /* Assets.xcassets in Resources */,
				14B225472C36D30600A7F15F /* GoogleService-Info.plist in Resources */,
			);
			runOnlyForDeploymentPostprocessing = 0;
		};
		14DBB6AE2C3433570084EB23 /* Resources */ = {
			isa = PBXResourcesBuildPhase;
			buildActionMask = 2147483647;
			files = (
			);
			runOnlyForDeploymentPostprocessing = 0;
		};
		14DBB6B82C3433570084EB23 /* Resources */ = {
			isa = PBXResourcesBuildPhase;
			buildActionMask = 2147483647;
			files = (
			);
			runOnlyForDeploymentPostprocessing = 0;
		};
/* End PBXResourcesBuildPhase section */

/* Begin PBXSourcesBuildPhase section */
		14DBB69C2C3433560084EB23 /* Sources */ = {
			isa = PBXSourcesBuildPhase;
			buildActionMask = 2147483647;
			files = (
				14B225322C364F0F00A7F15F /* SignInView.swift in Sources */,
				14B225792C49B6C600A7F15F /* CollapseModifier.swift in Sources */,
				14B225532C3DF60A00A7F15F /* FirebaseDataBaseService.swift in Sources */,
				14B2255C2C3EADF900A7F15F /* ListsViewModel.swift in Sources */,
				14B225672C45E06200A7F15F /* FormItemView.swift in Sources */,
				14DBB6D52C3440630084EB23 /* DetailsListView.swift in Sources */,
				14B225602C3F508800A7F15F /* FormListView.swift in Sources */,
				14B225342C364FA100A7F15F /* SignInViewModel.swift in Sources */,
				14DBB6A62C3433560084EB23 /* ContentView.swift in Sources */,
				14B2254A2C36D66C00A7F15F /* FirebaseAuthService.swift in Sources */,
				14B225702C47490200A7F15F /* RoundedBackgroundTextFieldStyle.swift in Sources */,
				14B2256D2C4742C000A7F15F /* AutoFocusTextField.swift in Sources */,
				14DBB6CF2C3434560084EB23 /* SpeechRecognizerService.swift in Sources */,
				14B225692C46169400A7F15F /* ItemCard.swift in Sources */,
				145706E42C4DDB94007E642C /* RecordButton.swift in Sources */,
				14B225752C48B12D00A7F15F /* KeyboardReadable.swift in Sources */,
				14B225582C3E9EE300A7F15F /* ListModel.swift in Sources */,
				14B225512C36DBC500A7F15F /* SignUpViewModel.swift in Sources */,
				14B225632C45C0B800A7F15F /* ViewOffsetKey.swift in Sources */,
				14A4CAD22C34D71300634E19 /* String+RemoveWhiteSpaces.swift in Sources */,
				14B225652C45C84700A7F15F /* TitleIcon.swift in Sources */,
				14B225772C496C0A00A7F15F /* SectionModel.swift in Sources */,
				14B2255A2C3EAD6E00A7F15F /* ListsView.swift in Sources */,
				14DBB6D22C343B2C0084EB23 /* SpeechRecognizerServiceErrors.swift in Sources */,
				14B2254F2C36DBA800A7F15F /* SignUpView.swift in Sources */,
				14DBB6D72C34A5500084EB23 /* ListItemModel.swift in Sources */,
				14DBB6A42C3433560084EB23 /* CheckListyApp.swift in Sources */,
				145706E62C4DE4E9007E642C /* AudioAnimation.swift in Sources */,
				14B2255E2C3F42F800A7F15F /* FirebaseDatabasePaths.swift in Sources */,
				14A4CAD02C34D5AE00634E19 /* String+RemoveWord.swift in Sources */,
				14DBB6D92C34ABC60084EB23 /* DetailsListViewModel.swift in Sources */,
			);
			runOnlyForDeploymentPostprocessing = 0;
		};
		14DBB6AC2C3433570084EB23 /* Sources */ = {
			isa = PBXSourcesBuildPhase;
			buildActionMask = 2147483647;
			files = (
				14DBB6B52C3433570084EB23 /* CheckListyTests.swift in Sources */,
			);
			runOnlyForDeploymentPostprocessing = 0;
		};
		14DBB6B62C3433570084EB23 /* Sources */ = {
			isa = PBXSourcesBuildPhase;
			buildActionMask = 2147483647;
			files = (
				14DBB6BF2C3433570084EB23 /* CheckListyUITests.swift in Sources */,
				14DBB6C12C3433570084EB23 /* CheckListyUITestsLaunchTests.swift in Sources */,
			);
			runOnlyForDeploymentPostprocessing = 0;
		};
/* End PBXSourcesBuildPhase section */

/* Begin PBXTargetDependency section */
		14DBB6B22C3433570084EB23 /* PBXTargetDependency */ = {
			isa = PBXTargetDependency;
			target = 14DBB69F2C3433560084EB23 /* CheckListy */;
			targetProxy = 14DBB6B12C3433570084EB23 /* PBXContainerItemProxy */;
		};
		14DBB6BC2C3433570084EB23 /* PBXTargetDependency */ = {
			isa = PBXTargetDependency;
			target = 14DBB69F2C3433560084EB23 /* CheckListy */;
			targetProxy = 14DBB6BB2C3433570084EB23 /* PBXContainerItemProxy */;
		};
/* End PBXTargetDependency section */

/* Begin XCBuildConfiguration section */
		14DBB6C22C3433570084EB23 /* Debug */ = {
			isa = XCBuildConfiguration;
			buildSettings = {
				ALWAYS_SEARCH_USER_PATHS = NO;
				ASSETCATALOG_COMPILER_GENERATE_SWIFT_ASSET_SYMBOL_EXTENSIONS = YES;
				CLANG_ANALYZER_NONNULL = YES;
				CLANG_ANALYZER_NUMBER_OBJECT_CONVERSION = YES_AGGRESSIVE;
				CLANG_CXX_LANGUAGE_STANDARD = "gnu++20";
				CLANG_ENABLE_MODULES = YES;
				CLANG_ENABLE_OBJC_ARC = YES;
				CLANG_ENABLE_OBJC_WEAK = YES;
				CLANG_WARN_BLOCK_CAPTURE_AUTORELEASING = YES;
				CLANG_WARN_BOOL_CONVERSION = YES;
				CLANG_WARN_COMMA = YES;
				CLANG_WARN_CONSTANT_CONVERSION = YES;
				CLANG_WARN_DEPRECATED_OBJC_IMPLEMENTATIONS = YES;
				CLANG_WARN_DIRECT_OBJC_ISA_USAGE = YES_ERROR;
				CLANG_WARN_DOCUMENTATION_COMMENTS = YES;
				CLANG_WARN_EMPTY_BODY = YES;
				CLANG_WARN_ENUM_CONVERSION = YES;
				CLANG_WARN_INFINITE_RECURSION = YES;
				CLANG_WARN_INT_CONVERSION = YES;
				CLANG_WARN_NON_LITERAL_NULL_CONVERSION = YES;
				CLANG_WARN_OBJC_IMPLICIT_RETAIN_SELF = YES;
				CLANG_WARN_OBJC_LITERAL_CONVERSION = YES;
				CLANG_WARN_OBJC_ROOT_CLASS = YES_ERROR;
				CLANG_WARN_QUOTED_INCLUDE_IN_FRAMEWORK_HEADER = YES;
				CLANG_WARN_RANGE_LOOP_ANALYSIS = YES;
				CLANG_WARN_STRICT_PROTOTYPES = YES;
				CLANG_WARN_SUSPICIOUS_MOVE = YES;
				CLANG_WARN_UNGUARDED_AVAILABILITY = YES_AGGRESSIVE;
				CLANG_WARN_UNREACHABLE_CODE = YES;
				CLANG_WARN__DUPLICATE_METHOD_MATCH = YES;
				COPY_PHASE_STRIP = NO;
				DEBUG_INFORMATION_FORMAT = dwarf;
				ENABLE_STRICT_OBJC_MSGSEND = YES;
				ENABLE_TESTABILITY = YES;
				ENABLE_USER_SCRIPT_SANDBOXING = YES;
				GCC_C_LANGUAGE_STANDARD = gnu17;
				GCC_DYNAMIC_NO_PIC = NO;
				GCC_NO_COMMON_BLOCKS = YES;
				GCC_OPTIMIZATION_LEVEL = 0;
				GCC_PREPROCESSOR_DEFINITIONS = (
					"DEBUG=1",
					"$(inherited)",
				);
				GCC_WARN_64_TO_32_BIT_CONVERSION = YES;
				GCC_WARN_ABOUT_RETURN_TYPE = YES_ERROR;
				GCC_WARN_UNDECLARED_SELECTOR = YES;
				GCC_WARN_UNINITIALIZED_AUTOS = YES_AGGRESSIVE;
				GCC_WARN_UNUSED_FUNCTION = YES;
				GCC_WARN_UNUSED_VARIABLE = YES;
				IPHONEOS_DEPLOYMENT_TARGET = 17.5;
				LOCALIZATION_PREFERS_STRING_CATALOGS = YES;
				MTL_ENABLE_DEBUG_INFO = INCLUDE_SOURCE;
				MTL_FAST_MATH = YES;
				ONLY_ACTIVE_ARCH = YES;
				SDKROOT = iphoneos;
				SWIFT_ACTIVE_COMPILATION_CONDITIONS = "DEBUG $(inherited)";
				SWIFT_OPTIMIZATION_LEVEL = "-Onone";
			};
			name = Debug;
		};
		14DBB6C32C3433570084EB23 /* Release */ = {
			isa = XCBuildConfiguration;
			buildSettings = {
				ALWAYS_SEARCH_USER_PATHS = NO;
				ASSETCATALOG_COMPILER_GENERATE_SWIFT_ASSET_SYMBOL_EXTENSIONS = YES;
				CLANG_ANALYZER_NONNULL = YES;
				CLANG_ANALYZER_NUMBER_OBJECT_CONVERSION = YES_AGGRESSIVE;
				CLANG_CXX_LANGUAGE_STANDARD = "gnu++20";
				CLANG_ENABLE_MODULES = YES;
				CLANG_ENABLE_OBJC_ARC = YES;
				CLANG_ENABLE_OBJC_WEAK = YES;
				CLANG_WARN_BLOCK_CAPTURE_AUTORELEASING = YES;
				CLANG_WARN_BOOL_CONVERSION = YES;
				CLANG_WARN_COMMA = YES;
				CLANG_WARN_CONSTANT_CONVERSION = YES;
				CLANG_WARN_DEPRECATED_OBJC_IMPLEMENTATIONS = YES;
				CLANG_WARN_DIRECT_OBJC_ISA_USAGE = YES_ERROR;
				CLANG_WARN_DOCUMENTATION_COMMENTS = YES;
				CLANG_WARN_EMPTY_BODY = YES;
				CLANG_WARN_ENUM_CONVERSION = YES;
				CLANG_WARN_INFINITE_RECURSION = YES;
				CLANG_WARN_INT_CONVERSION = YES;
				CLANG_WARN_NON_LITERAL_NULL_CONVERSION = YES;
				CLANG_WARN_OBJC_IMPLICIT_RETAIN_SELF = YES;
				CLANG_WARN_OBJC_LITERAL_CONVERSION = YES;
				CLANG_WARN_OBJC_ROOT_CLASS = YES_ERROR;
				CLANG_WARN_QUOTED_INCLUDE_IN_FRAMEWORK_HEADER = YES;
				CLANG_WARN_RANGE_LOOP_ANALYSIS = YES;
				CLANG_WARN_STRICT_PROTOTYPES = YES;
				CLANG_WARN_SUSPICIOUS_MOVE = YES;
				CLANG_WARN_UNGUARDED_AVAILABILITY = YES_AGGRESSIVE;
				CLANG_WARN_UNREACHABLE_CODE = YES;
				CLANG_WARN__DUPLICATE_METHOD_MATCH = YES;
				COPY_PHASE_STRIP = NO;
				DEBUG_INFORMATION_FORMAT = "dwarf-with-dsym";
				ENABLE_NS_ASSERTIONS = NO;
				ENABLE_STRICT_OBJC_MSGSEND = YES;
				ENABLE_USER_SCRIPT_SANDBOXING = YES;
				GCC_C_LANGUAGE_STANDARD = gnu17;
				GCC_NO_COMMON_BLOCKS = YES;
				GCC_WARN_64_TO_32_BIT_CONVERSION = YES;
				GCC_WARN_ABOUT_RETURN_TYPE = YES_ERROR;
				GCC_WARN_UNDECLARED_SELECTOR = YES;
				GCC_WARN_UNINITIALIZED_AUTOS = YES_AGGRESSIVE;
				GCC_WARN_UNUSED_FUNCTION = YES;
				GCC_WARN_UNUSED_VARIABLE = YES;
				IPHONEOS_DEPLOYMENT_TARGET = 17.5;
				LOCALIZATION_PREFERS_STRING_CATALOGS = YES;
				MTL_ENABLE_DEBUG_INFO = NO;
				MTL_FAST_MATH = YES;
				SDKROOT = iphoneos;
				SWIFT_COMPILATION_MODE = wholemodule;
				VALIDATE_PRODUCT = YES;
			};
			name = Release;
		};
		14DBB6C52C3433570084EB23 /* Debug */ = {
			isa = XCBuildConfiguration;
			buildSettings = {
				ASSETCATALOG_COMPILER_APPICON_NAME = AppIcon;
				ASSETCATALOG_COMPILER_GLOBAL_ACCENT_COLOR_NAME = AccentColor;
				CODE_SIGN_STYLE = Automatic;
				CURRENT_PROJECT_VERSION = 1;
				DEVELOPMENT_ASSET_PATHS = "\"CheckListy/App/Resources\"";
				DEVELOPMENT_TEAM = QLU3R732N5;
				ENABLE_PREVIEWS = YES;
				GENERATE_INFOPLIST_FILE = YES;
				INFOPLIST_KEY_NSMicrophoneUsageDescription = "“Audio is recorded to transcribe. Audio recordings are discarded after transcription.”";
				INFOPLIST_KEY_NSSpeechRecognitionUsageDescription = "\"You can check list items with your voice\"";
				INFOPLIST_KEY_UIApplicationSceneManifest_Generation = YES;
				INFOPLIST_KEY_UIApplicationSupportsIndirectInputEvents = YES;
				INFOPLIST_KEY_UILaunchScreen_Generation = YES;
				INFOPLIST_KEY_UISupportedInterfaceOrientations_iPad = "UIInterfaceOrientationPortrait UIInterfaceOrientationPortraitUpsideDown UIInterfaceOrientationLandscapeLeft UIInterfaceOrientationLandscapeRight";
				INFOPLIST_KEY_UISupportedInterfaceOrientations_iPhone = "UIInterfaceOrientationPortrait UIInterfaceOrientationLandscapeLeft UIInterfaceOrientationLandscapeRight";
				LD_RUNPATH_SEARCH_PATHS = (
					"$(inherited)",
					"@executable_path/Frameworks",
				);
				MARKETING_VERSION = 1.0;
				PRODUCT_BUNDLE_IDENTIFIER = alecrim.CheckListy;
				PRODUCT_NAME = "$(TARGET_NAME)";
				SWIFT_EMIT_LOC_STRINGS = YES;
				SWIFT_VERSION = 5.0;
				TARGETED_DEVICE_FAMILY = "1,2";
			};
			name = Debug;
		};
		14DBB6C62C3433570084EB23 /* Release */ = {
			isa = XCBuildConfiguration;
			buildSettings = {
				ASSETCATALOG_COMPILER_APPICON_NAME = AppIcon;
				ASSETCATALOG_COMPILER_GLOBAL_ACCENT_COLOR_NAME = AccentColor;
				CODE_SIGN_STYLE = Automatic;
				CURRENT_PROJECT_VERSION = 1;
				DEVELOPMENT_ASSET_PATHS = "\"CheckListy/App/Resources\"";
				DEVELOPMENT_TEAM = QLU3R732N5;
				ENABLE_PREVIEWS = YES;
				GENERATE_INFOPLIST_FILE = YES;
				INFOPLIST_KEY_NSMicrophoneUsageDescription = "“Audio is recorded to transcribe. Audio recordings are discarded after transcription.”";
				INFOPLIST_KEY_NSSpeechRecognitionUsageDescription = "\"You can check list items with your voice\"";
				INFOPLIST_KEY_UIApplicationSceneManifest_Generation = YES;
				INFOPLIST_KEY_UIApplicationSupportsIndirectInputEvents = YES;
				INFOPLIST_KEY_UILaunchScreen_Generation = YES;
				INFOPLIST_KEY_UISupportedInterfaceOrientations_iPad = "UIInterfaceOrientationPortrait UIInterfaceOrientationPortraitUpsideDown UIInterfaceOrientationLandscapeLeft UIInterfaceOrientationLandscapeRight";
				INFOPLIST_KEY_UISupportedInterfaceOrientations_iPhone = "UIInterfaceOrientationPortrait UIInterfaceOrientationLandscapeLeft UIInterfaceOrientationLandscapeRight";
				LD_RUNPATH_SEARCH_PATHS = (
					"$(inherited)",
					"@executable_path/Frameworks",
				);
				MARKETING_VERSION = 1.0;
				PRODUCT_BUNDLE_IDENTIFIER = alecrim.CheckListy;
				PRODUCT_NAME = "$(TARGET_NAME)";
				SWIFT_EMIT_LOC_STRINGS = YES;
				SWIFT_VERSION = 5.0;
				TARGETED_DEVICE_FAMILY = "1,2";
			};
			name = Release;
		};
		14DBB6C82C3433570084EB23 /* Debug */ = {
			isa = XCBuildConfiguration;
			buildSettings = {
				ALWAYS_EMBED_SWIFT_STANDARD_LIBRARIES = YES;
				BUNDLE_LOADER = "$(TEST_HOST)";
				CODE_SIGN_STYLE = Automatic;
				CURRENT_PROJECT_VERSION = 1;
				DEVELOPMENT_TEAM = QLU3R732N5;
				GENERATE_INFOPLIST_FILE = YES;
				IPHONEOS_DEPLOYMENT_TARGET = 17.5;
				MARKETING_VERSION = 1.0;
				PRODUCT_BUNDLE_IDENTIFIER = alecrim.CheckListyTests;
				PRODUCT_NAME = "$(TARGET_NAME)";
				SWIFT_EMIT_LOC_STRINGS = NO;
				SWIFT_VERSION = 5.0;
				TARGETED_DEVICE_FAMILY = "1,2";
				TEST_HOST = "$(BUILT_PRODUCTS_DIR)/CheckListy.app/$(BUNDLE_EXECUTABLE_FOLDER_PATH)/CheckListy";
			};
			name = Debug;
		};
		14DBB6C92C3433570084EB23 /* Release */ = {
			isa = XCBuildConfiguration;
			buildSettings = {
				ALWAYS_EMBED_SWIFT_STANDARD_LIBRARIES = YES;
				BUNDLE_LOADER = "$(TEST_HOST)";
				CODE_SIGN_STYLE = Automatic;
				CURRENT_PROJECT_VERSION = 1;
				DEVELOPMENT_TEAM = QLU3R732N5;
				GENERATE_INFOPLIST_FILE = YES;
				IPHONEOS_DEPLOYMENT_TARGET = 17.5;
				MARKETING_VERSION = 1.0;
				PRODUCT_BUNDLE_IDENTIFIER = alecrim.CheckListyTests;
				PRODUCT_NAME = "$(TARGET_NAME)";
				SWIFT_EMIT_LOC_STRINGS = NO;
				SWIFT_VERSION = 5.0;
				TARGETED_DEVICE_FAMILY = "1,2";
				TEST_HOST = "$(BUILT_PRODUCTS_DIR)/CheckListy.app/$(BUNDLE_EXECUTABLE_FOLDER_PATH)/CheckListy";
			};
			name = Release;
		};
		14DBB6CB2C3433570084EB23 /* Debug */ = {
			isa = XCBuildConfiguration;
			buildSettings = {
				ALWAYS_EMBED_SWIFT_STANDARD_LIBRARIES = YES;
				CODE_SIGN_STYLE = Automatic;
				CURRENT_PROJECT_VERSION = 1;
				DEVELOPMENT_TEAM = QLU3R732N5;
				GENERATE_INFOPLIST_FILE = YES;
				MARKETING_VERSION = 1.0;
				PRODUCT_BUNDLE_IDENTIFIER = alecrim.CheckListyUITests;
				PRODUCT_NAME = "$(TARGET_NAME)";
				SWIFT_EMIT_LOC_STRINGS = NO;
				SWIFT_VERSION = 5.0;
				TARGETED_DEVICE_FAMILY = "1,2";
				TEST_TARGET_NAME = CheckListy;
			};
			name = Debug;
		};
		14DBB6CC2C3433570084EB23 /* Release */ = {
			isa = XCBuildConfiguration;
			buildSettings = {
				ALWAYS_EMBED_SWIFT_STANDARD_LIBRARIES = YES;
				CODE_SIGN_STYLE = Automatic;
				CURRENT_PROJECT_VERSION = 1;
				DEVELOPMENT_TEAM = QLU3R732N5;
				GENERATE_INFOPLIST_FILE = YES;
				MARKETING_VERSION = 1.0;
				PRODUCT_BUNDLE_IDENTIFIER = alecrim.CheckListyUITests;
				PRODUCT_NAME = "$(TARGET_NAME)";
				SWIFT_EMIT_LOC_STRINGS = NO;
				SWIFT_VERSION = 5.0;
				TARGETED_DEVICE_FAMILY = "1,2";
				TEST_TARGET_NAME = CheckListy;
			};
			name = Release;
		};
/* End XCBuildConfiguration section */

/* Begin XCConfigurationList section */
		14DBB69B2C3433560084EB23 /* Build configuration list for PBXProject "CheckListy" */ = {
			isa = XCConfigurationList;
			buildConfigurations = (
				14DBB6C22C3433570084EB23 /* Debug */,
				14DBB6C32C3433570084EB23 /* Release */,
			);
			defaultConfigurationIsVisible = 0;
			defaultConfigurationName = Release;
		};
		14DBB6C42C3433570084EB23 /* Build configuration list for PBXNativeTarget "CheckListy" */ = {
			isa = XCConfigurationList;
			buildConfigurations = (
				14DBB6C52C3433570084EB23 /* Debug */,
				14DBB6C62C3433570084EB23 /* Release */,
			);
			defaultConfigurationIsVisible = 0;
			defaultConfigurationName = Release;
		};
		14DBB6C72C3433570084EB23 /* Build configuration list for PBXNativeTarget "CheckListyTests" */ = {
			isa = XCConfigurationList;
			buildConfigurations = (
				14DBB6C82C3433570084EB23 /* Debug */,
				14DBB6C92C3433570084EB23 /* Release */,
			);
			defaultConfigurationIsVisible = 0;
			defaultConfigurationName = Release;
		};
		14DBB6CA2C3433570084EB23 /* Build configuration list for PBXNativeTarget "CheckListyUITests" */ = {
			isa = XCConfigurationList;
			buildConfigurations = (
				14DBB6CB2C3433570084EB23 /* Debug */,
				14DBB6CC2C3433570084EB23 /* Release */,
			);
			defaultConfigurationIsVisible = 0;
			defaultConfigurationName = Release;
		};
/* End XCConfigurationList section */

/* Begin XCRemoteSwiftPackageReference section */
		14B225352C36D1BE00A7F15F /* XCRemoteSwiftPackageReference "firebase-ios-sdk" */ = {
			isa = XCRemoteSwiftPackageReference;
			repositoryURL = "https://github.com/firebase/firebase-ios-sdk.git";
			requirement = {
				kind = upToNextMajorVersion;
				minimumVersion = 10.28.1;
			};
		};
/* End XCRemoteSwiftPackageReference section */

/* Begin XCSwiftPackageProductDependency section */
		14B2254C2C36D78500A7F15F /* FirebaseAuth */ = {
			isa = XCSwiftPackageProductDependency;
			package = 14B225352C36D1BE00A7F15F /* XCRemoteSwiftPackageReference "firebase-ios-sdk" */;
			productName = FirebaseAuth;
		};
		14B225542C3DF62600A7F15F /* FirebaseDatabase */ = {
			isa = XCSwiftPackageProductDependency;
			package = 14B225352C36D1BE00A7F15F /* XCRemoteSwiftPackageReference "firebase-ios-sdk" */;
			productName = FirebaseDatabase;
		};
/* End XCSwiftPackageProductDependency section */
	};
	rootObject = 14DBB6982C3433560084EB23 /* Project object */;
}
